
Microsoft Visual Studio Solution File, Format Version 12.00
# Visual Studio 15
VisualStudioVersion = 15.0.27130.2036
MinimumVisualStudioVersion = 10.0.40219.1
Project("{FAE04EC0-301F-11D3-BF4B-00C04F79EFBC}") = "Collections", "Collections\Collections.csproj", "{F775BCC4-D0AB-4795-9641-F14CAD4C1596}"
EndProject
Global
	GlobalSection(SolutionConfigurationPlatforms) = preSolution
		Debug|Any CPU = Debug|Any CPU
		Release|Any CPU = Release|Any CPU
	EndGlobalSection
	GlobalSection(ProjectConfigurationPlatforms) = postSolution
		{F775BCC4-D0AB-4795-9641-F14CAD4C1596}.Debug|Any CPU.ActiveCfg = Debug|Any CPU
		{F775BCC4-D0AB-4795-9641-F14CAD4C1596}.Debug|Any CPU.Build.0 = Debug|Any CPU
		{F775BCC4-D0AB-4795-9641-F14CAD4C1596}.Release|Any CPU.ActiveCfg = Release|Any CPU
		{F775BCC4-D0AB-4795-9641-F14CAD4C1596}.Release|Any CPU.Build.0 = Release|Any CPU
	EndGlobalSection
	GlobalSection(SolutionProperties) = preSolution
		HideSolutionNode = FALSE
	EndGlobalSection
	GlobalSection(ExtensibilityGlobals) = postSolution
		SolutionGuid = {F762CF80-E9D1-4A59-9573-49D9787433C1}
	EndGlobalSection
EndGlobal
