
Microsoft Visual Studio Solution File, Format Version 12.00
# Visual Studio 15
VisualStudioVersion = 15.0.27004.2006
MinimumVisualStudioVersion = 10.0.40219.1
Project("{FAE04EC0-301F-11D3-BF4B-00C04F79EFBC}") = "BlocknoteWithInitIList", "BlocknoteWithInitIList\BlocknoteWithInitIList.csproj", "{4F06782F-73C1-4A5E-B6F8-D7A023C95299}"
EndProject
Global
	GlobalSection(SolutionConfigurationPlatforms) = preSolution
		Debug|Any CPU = Debug|Any CPU
		Release|Any CPU = Release|Any CPU
	EndGlobalSection
	GlobalSection(ProjectConfigurationPlatforms) = postSolution
		{4F06782F-73C1-4A5E-B6F8-D7A023C95299}.Debug|Any CPU.ActiveCfg = Debug|Any CPU
		{4F06782F-73C1-4A5E-B6F8-D7A023C95299}.Debug|Any CPU.Build.0 = Debug|Any CPU
		{4F06782F-73C1-4A5E-B6F8-D7A023C95299}.Release|Any CPU.ActiveCfg = Release|Any CPU
		{4F06782F-73C1-4A5E-B6F8-D7A023C95299}.Release|Any CPU.Build.0 = Release|Any CPU
	EndGlobalSection
	GlobalSection(SolutionProperties) = preSolution
		HideSolutionNode = FALSE
	EndGlobalSection
	GlobalSection(ExtensibilityGlobals) = postSolution
		SolutionGuid = {CEE8A521-C4F1-4572-83C6-026961E3A003}
	EndGlobalSection
EndGlobal
