
Microsoft Visual Studio Solution File, Format Version 12.00
# Visual Studio 15
VisualStudioVersion = 15.0.27004.2010
MinimumVisualStudioVersion = 10.0.40219.1
Project("{FAE04EC0-301F-11D3-BF4B-00C04F79EFBC}") = "ProductsAndCustomers", "ProductsAndCustomers\ProductsAndCustomers.csproj", "{43F0B706-E23F-4BAD-BE1B-C6A33897421B}"
EndProject
Global
	GlobalSection(SolutionConfigurationPlatforms) = preSolution
		Debug|Any CPU = Debug|Any CPU
		Release|Any CPU = Release|Any CPU
	EndGlobalSection
	GlobalSection(ProjectConfigurationPlatforms) = postSolution
		{43F0B706-E23F-4BAD-BE1B-C6A33897421B}.Debug|Any CPU.ActiveCfg = Debug|Any CPU
		{43F0B706-E23F-4BAD-BE1B-C6A33897421B}.Debug|Any CPU.Build.0 = Debug|Any CPU
		{43F0B706-E23F-4BAD-BE1B-C6A33897421B}.Release|Any CPU.ActiveCfg = Release|Any CPU
		{43F0B706-E23F-4BAD-BE1B-C6A33897421B}.Release|Any CPU.Build.0 = Release|Any CPU
	EndGlobalSection
	GlobalSection(SolutionProperties) = preSolution
		HideSolutionNode = FALSE
	EndGlobalSection
	GlobalSection(ExtensibilityGlobals) = postSolution
		SolutionGuid = {593B907D-15A1-4890-8CC0-92C2A73C942D}
	EndGlobalSection
EndGlobal
