
Microsoft Visual Studio Solution File, Format Version 12.00
# Visual Studio 15
VisualStudioVersion = 15.0.27428.2002
MinimumVisualStudioVersion = 10.0.40219.1
Project("{FAE04EC0-301F-11D3-BF4B-00C04F79EFBC}") = "AdoNetADDReadeImageFromDB", "AdoNetADDReadeImageFromDB\AdoNetADDReadeImageFromDB.csproj", "{7F32AD5C-C8FF-4141-A0CB-B332CB98C2AF}"
EndProject
Global
	GlobalSection(SolutionConfigurationPlatforms) = preSolution
		Debug|Any CPU = Debug|Any CPU
		Release|Any CPU = Release|Any CPU
	EndGlobalSection
	GlobalSection(ProjectConfigurationPlatforms) = postSolution
		{7F32AD5C-C8FF-4141-A0CB-B332CB98C2AF}.Debug|Any CPU.ActiveCfg = Debug|Any CPU
		{7F32AD5C-C8FF-4141-A0CB-B332CB98C2AF}.Debug|Any CPU.Build.0 = Debug|Any CPU
		{7F32AD5C-C8FF-4141-A0CB-B332CB98C2AF}.Release|Any CPU.ActiveCfg = Release|Any CPU
		{7F32AD5C-C8FF-4141-A0CB-B332CB98C2AF}.Release|Any CPU.Build.0 = Release|Any CPU
	EndGlobalSection
	GlobalSection(SolutionProperties) = preSolution
		HideSolutionNode = FALSE
	EndGlobalSection
	GlobalSection(ExtensibilityGlobals) = postSolution
		SolutionGuid = {29EED7D6-D466-4617-9758-6F43ED196419}
	EndGlobalSection
EndGlobal
