
Microsoft Visual Studio Solution File, Format Version 12.00
# Visual Studio 15
VisualStudioVersion = 15.0.27004.2006
MinimumVisualStudioVersion = 10.0.40219.1
Project("{FAE04EC0-301F-11D3-BF4B-00C04F79EFBC}") = "Быкиикоровы", "Быкиикоровы\Быкиикоровы.csproj", "{1F76D178-192E-402D-A75B-E2CD02B06B33}"
EndProject
Global
	GlobalSection(SolutionConfigurationPlatforms) = preSolution
		Debug|Any CPU = Debug|Any CPU
		Release|Any CPU = Release|Any CPU
	EndGlobalSection
	GlobalSection(ProjectConfigurationPlatforms) = postSolution
		{1F76D178-192E-402D-A75B-E2CD02B06B33}.Debug|Any CPU.ActiveCfg = Debug|Any CPU
		{1F76D178-192E-402D-A75B-E2CD02B06B33}.Debug|Any CPU.Build.0 = Debug|Any CPU
		{1F76D178-192E-402D-A75B-E2CD02B06B33}.Release|Any CPU.ActiveCfg = Release|Any CPU
		{1F76D178-192E-402D-A75B-E2CD02B06B33}.Release|Any CPU.Build.0 = Release|Any CPU
	EndGlobalSection
	GlobalSection(SolutionProperties) = preSolution
		HideSolutionNode = FALSE
	EndGlobalSection
	GlobalSection(ExtensibilityGlobals) = postSolution
		SolutionGuid = {CDF475F4-540A-45B4-9C60-F321FFA95E75}
	EndGlobalSection
EndGlobal
