
Microsoft Visual Studio Solution File, Format Version 12.00
# Visual Studio 15
VisualStudioVersion = 15.0.27004.2009
MinimumVisualStudioVersion = 10.0.40219.1
Project("{FAE04EC0-301F-11D3-BF4B-00C04F79EFBC}") = "DynemicTaypsTest", "DynemicTaypsTest\DynemicTaypsTest.csproj", "{10CCC8F1-C37B-49C5-A133-FF6E4D4B2C6F}"
EndProject
Global
	GlobalSection(SolutionConfigurationPlatforms) = preSolution
		Debug|Any CPU = Debug|Any CPU
		Release|Any CPU = Release|Any CPU
	EndGlobalSection
	GlobalSection(ProjectConfigurationPlatforms) = postSolution
		{10CCC8F1-C37B-49C5-A133-FF6E4D4B2C6F}.Debug|Any CPU.ActiveCfg = Debug|Any CPU
		{10CCC8F1-C37B-49C5-A133-FF6E4D4B2C6F}.Debug|Any CPU.Build.0 = Debug|Any CPU
		{10CCC8F1-C37B-49C5-A133-FF6E4D4B2C6F}.Release|Any CPU.ActiveCfg = Release|Any CPU
		{10CCC8F1-C37B-49C5-A133-FF6E4D4B2C6F}.Release|Any CPU.Build.0 = Release|Any CPU
	EndGlobalSection
	GlobalSection(SolutionProperties) = preSolution
		HideSolutionNode = FALSE
	EndGlobalSection
	GlobalSection(ExtensibilityGlobals) = postSolution
		SolutionGuid = {93E0049A-1F4D-407D-A187-3DAEF820ACBC}
	EndGlobalSection
EndGlobal
