
Microsoft Visual Studio Solution File, Format Version 12.00
# Visual Studio 15
VisualStudioVersion = 15.0.27004.2009
MinimumVisualStudioVersion = 10.0.40219.1
Project("{FAE04EC0-301F-11D3-BF4B-00C04F79EFBC}") = "8QueensProblem", "8QueensProblem\8QueensProblem.csproj", "{FEED4F7D-458C-4955-82C2-E927277810EF}"
EndProject
Global
	GlobalSection(SolutionConfigurationPlatforms) = preSolution
		Debug|Any CPU = Debug|Any CPU
		Release|Any CPU = Release|Any CPU
	EndGlobalSection
	GlobalSection(ProjectConfigurationPlatforms) = postSolution
		{FEED4F7D-458C-4955-82C2-E927277810EF}.Debug|Any CPU.ActiveCfg = Debug|Any CPU
		{FEED4F7D-458C-4955-82C2-E927277810EF}.Debug|Any CPU.Build.0 = Debug|Any CPU
		{FEED4F7D-458C-4955-82C2-E927277810EF}.Release|Any CPU.ActiveCfg = Release|Any CPU
		{FEED4F7D-458C-4955-82C2-E927277810EF}.Release|Any CPU.Build.0 = Release|Any CPU
	EndGlobalSection
	GlobalSection(SolutionProperties) = preSolution
		HideSolutionNode = FALSE
	EndGlobalSection
	GlobalSection(ExtensibilityGlobals) = postSolution
		SolutionGuid = {3C8BFFCD-F0DA-4546-8A45-0723C851CF0A}
	EndGlobalSection
EndGlobal
