
Microsoft Visual Studio Solution File, Format Version 12.00
# Visual Studio 15
VisualStudioVersion = 15.0.27004.2006
MinimumVisualStudioVersion = 10.0.40219.1
Project("{FAE04EC0-301F-11D3-BF4B-00C04F79EFBC}") = "ArrayTest", "ArrayTest\ArrayTest.csproj", "{70B82053-A1D3-4A9E-9F0E-37A6401069CF}"
EndProject
Global
	GlobalSection(SolutionConfigurationPlatforms) = preSolution
		Debug|Any CPU = Debug|Any CPU
		Release|Any CPU = Release|Any CPU
	EndGlobalSection
	GlobalSection(ProjectConfigurationPlatforms) = postSolution
		{70B82053-A1D3-4A9E-9F0E-37A6401069CF}.Debug|Any CPU.ActiveCfg = Debug|Any CPU
		{70B82053-A1D3-4A9E-9F0E-37A6401069CF}.Debug|Any CPU.Build.0 = Debug|Any CPU
		{70B82053-A1D3-4A9E-9F0E-37A6401069CF}.Release|Any CPU.ActiveCfg = Release|Any CPU
		{70B82053-A1D3-4A9E-9F0E-37A6401069CF}.Release|Any CPU.Build.0 = Release|Any CPU
	EndGlobalSection
	GlobalSection(SolutionProperties) = preSolution
		HideSolutionNode = FALSE
	EndGlobalSection
	GlobalSection(ExtensibilityGlobals) = postSolution
		SolutionGuid = {7FA0EA63-D855-4BD6-ABAB-318365E54C29}
	EndGlobalSection
EndGlobal
