
Microsoft Visual Studio Solution File, Format Version 12.00
# Visual Studio 2012
Project("{FAE04EC0-301F-11D3-BF4B-00C04F79EFBC}") = "ProducesConsumerThreads", "ProducesConsumerThreads\ProducesConsumerThreads.csproj", "{7608B735-F205-4D0C-B14F-9111E24DAFF3}"
EndProject
Global
	GlobalSection(SolutionConfigurationPlatforms) = preSolution
		Debug|Any CPU = Debug|Any CPU
		Release|Any CPU = Release|Any CPU
	EndGlobalSection
	GlobalSection(ProjectConfigurationPlatforms) = postSolution
		{7608B735-F205-4D0C-B14F-9111E24DAFF3}.Debug|Any CPU.ActiveCfg = Debug|Any CPU
		{7608B735-F205-4D0C-B14F-9111E24DAFF3}.Debug|Any CPU.Build.0 = Debug|Any CPU
		{7608B735-F205-4D0C-B14F-9111E24DAFF3}.Release|Any CPU.ActiveCfg = Release|Any CPU
		{7608B735-F205-4D0C-B14F-9111E24DAFF3}.Release|Any CPU.Build.0 = Release|Any CPU
	EndGlobalSection
	GlobalSection(SolutionProperties) = preSolution
		HideSolutionNode = FALSE
	EndGlobalSection
EndGlobal
